
Microsoft Visual Studio Solution File, Format Version 12.00
# Visual Studio 14
VisualStudioVersion = 14.0.25420.1
MinimumVisualStudioVersion = 10.0.40219.1
Project("{8BC9CEB8-8B4A-11D0-8D11-00A0C91BC942}") = "FehSim", "FehSim\FehSim.vcxproj", "{E5CA4C01-992C-4F30-9B4C-34867B830084}"
EndProject
Project("{8BC9CEB8-8B4A-11D0-8D11-00A0C91BC942}") = "FehSimTests", "FehSimTests\FehSimTests.vcxproj", "{38A55D17-9FEE-4ED7-B9CB-1435CC7CA52C}"
EndProject
Project("{8BC9CEB8-8B4A-11D0-8D11-00A0C91BC942}") = "FehAI", "FehAI\FehAI.vcxproj", "{08DD01D3-097A-41CF-8E22-F23C17807294}"
EndProject
Project("{8BC9CEB8-8B4A-11D0-8D11-00A0C91BC942}") = "FehAiTests", "FehAiTests\FehAiTests.vcxproj", "{8A70A277-DA1A-447A-8789-2AB19857C5E3}"
EndProject
Project("{8BC9CEB8-8B4A-11D0-8D11-00A0C91BC942}") = "FehOptim", "FehOptim\FehOptim.vcxproj", "{7605D9EC-DF7B-4690-B4B2-37461CF5AED7}"
EndProject
Project("{8BC9CEB8-8B4A-11D0-8D11-00A0C91BC942}") = "FehRunner", "FehRunner\FehRunner.vcxproj", "{D7E1F4FC-1C70-4B41-ADF6-53CE2D6A84D6}"
EndProject
Global
	GlobalSection(SolutionConfigurationPlatforms) = preSolution
		Debug|ARM = Debug|ARM
		Debug|x64 = Debug|x64
		Debug|x86 = Debug|x86
		Release|ARM = Release|ARM
		Release|x64 = Release|x64
		Release|x86 = Release|x86
	EndGlobalSection
	GlobalSection(ProjectConfigurationPlatforms) = postSolution
		{E5CA4C01-992C-4F30-9B4C-34867B830084}.Debug|ARM.ActiveCfg = Debug|Win32
		{E5CA4C01-992C-4F30-9B4C-34867B830084}.Debug|x64.ActiveCfg = Debug|x64
		{E5CA4C01-992C-4F30-9B4C-34867B830084}.Debug|x64.Build.0 = Debug|x64
		{E5CA4C01-992C-4F30-9B4C-34867B830084}.Debug|x86.ActiveCfg = Debug|Win32
		{E5CA4C01-992C-4F30-9B4C-34867B830084}.Debug|x86.Build.0 = Debug|Win32
		{E5CA4C01-992C-4F30-9B4C-34867B830084}.Release|ARM.ActiveCfg = Release|Win32
		{E5CA4C01-992C-4F30-9B4C-34867B830084}.Release|x64.ActiveCfg = Release|x64
		{E5CA4C01-992C-4F30-9B4C-34867B830084}.Release|x64.Build.0 = Release|x64
		{E5CA4C01-992C-4F30-9B4C-34867B830084}.Release|x86.ActiveCfg = Release|Win32
		{E5CA4C01-992C-4F30-9B4C-34867B830084}.Release|x86.Build.0 = Release|Win32
		{38A55D17-9FEE-4ED7-B9CB-1435CC7CA52C}.Debug|ARM.ActiveCfg = Debug|Win32
		{38A55D17-9FEE-4ED7-B9CB-1435CC7CA52C}.Debug|x64.ActiveCfg = Debug|x64
		{38A55D17-9FEE-4ED7-B9CB-1435CC7CA52C}.Debug|x64.Build.0 = Debug|x64
		{38A55D17-9FEE-4ED7-B9CB-1435CC7CA52C}.Debug|x86.ActiveCfg = Debug|Win32
		{38A55D17-9FEE-4ED7-B9CB-1435CC7CA52C}.Debug|x86.Build.0 = Debug|Win32
		{38A55D17-9FEE-4ED7-B9CB-1435CC7CA52C}.Release|ARM.ActiveCfg = Release|Win32
		{38A55D17-9FEE-4ED7-B9CB-1435CC7CA52C}.Release|x64.ActiveCfg = Release|x64
		{38A55D17-9FEE-4ED7-B9CB-1435CC7CA52C}.Release|x64.Build.0 = Release|x64
		{38A55D17-9FEE-4ED7-B9CB-1435CC7CA52C}.Release|x86.ActiveCfg = Release|Win32
		{38A55D17-9FEE-4ED7-B9CB-1435CC7CA52C}.Release|x86.Build.0 = Release|Win32
		{08DD01D3-097A-41CF-8E22-F23C17807294}.Debug|ARM.ActiveCfg = Debug|Win32
		{08DD01D3-097A-41CF-8E22-F23C17807294}.Debug|x64.ActiveCfg = Debug|x64
		{08DD01D3-097A-41CF-8E22-F23C17807294}.Debug|x64.Build.0 = Debug|x64
		{08DD01D3-097A-41CF-8E22-F23C17807294}.Debug|x86.ActiveCfg = Debug|Win32
		{08DD01D3-097A-41CF-8E22-F23C17807294}.Debug|x86.Build.0 = Debug|Win32
		{08DD01D3-097A-41CF-8E22-F23C17807294}.Release|ARM.ActiveCfg = Release|Win32
		{08DD01D3-097A-41CF-8E22-F23C17807294}.Release|x64.ActiveCfg = Release|x64
		{08DD01D3-097A-41CF-8E22-F23C17807294}.Release|x64.Build.0 = Release|x64
		{08DD01D3-097A-41CF-8E22-F23C17807294}.Release|x86.ActiveCfg = Release|Win32
		{08DD01D3-097A-41CF-8E22-F23C17807294}.Release|x86.Build.0 = Release|Win32
		{8A70A277-DA1A-447A-8789-2AB19857C5E3}.Debug|ARM.ActiveCfg = Debug|Win32
		{8A70A277-DA1A-447A-8789-2AB19857C5E3}.Debug|x64.ActiveCfg = Debug|x64
		{8A70A277-DA1A-447A-8789-2AB19857C5E3}.Debug|x64.Build.0 = Debug|x64
		{8A70A277-DA1A-447A-8789-2AB19857C5E3}.Debug|x86.ActiveCfg = Debug|Win32
		{8A70A277-DA1A-447A-8789-2AB19857C5E3}.Debug|x86.Build.0 = Debug|Win32
		{8A70A277-DA1A-447A-8789-2AB19857C5E3}.Release|ARM.ActiveCfg = Release|Win32
		{8A70A277-DA1A-447A-8789-2AB19857C5E3}.Release|x64.ActiveCfg = Release|x64
		{8A70A277-DA1A-447A-8789-2AB19857C5E3}.Release|x64.Build.0 = Release|x64
		{8A70A277-DA1A-447A-8789-2AB19857C5E3}.Release|x86.ActiveCfg = Release|Win32
		{8A70A277-DA1A-447A-8789-2AB19857C5E3}.Release|x86.Build.0 = Release|Win32
		{7605D9EC-DF7B-4690-B4B2-37461CF5AED7}.Debug|ARM.ActiveCfg = Debug|Win32
		{7605D9EC-DF7B-4690-B4B2-37461CF5AED7}.Debug|x64.ActiveCfg = Debug|x64
		{7605D9EC-DF7B-4690-B4B2-37461CF5AED7}.Debug|x64.Build.0 = Debug|x64
		{7605D9EC-DF7B-4690-B4B2-37461CF5AED7}.Debug|x86.ActiveCfg = Debug|Win32
		{7605D9EC-DF7B-4690-B4B2-37461CF5AED7}.Debug|x86.Build.0 = Debug|Win32
		{7605D9EC-DF7B-4690-B4B2-37461CF5AED7}.Release|ARM.ActiveCfg = Release|Win32
		{7605D9EC-DF7B-4690-B4B2-37461CF5AED7}.Release|x64.ActiveCfg = Release|x64
		{7605D9EC-DF7B-4690-B4B2-37461CF5AED7}.Release|x64.Build.0 = Release|x64
		{7605D9EC-DF7B-4690-B4B2-37461CF5AED7}.Release|x86.ActiveCfg = Release|Win32
		{7605D9EC-DF7B-4690-B4B2-37461CF5AED7}.Release|x86.Build.0 = Release|Win32
		{D7E1F4FC-1C70-4B41-ADF6-53CE2D6A84D6}.Debug|ARM.ActiveCfg = Debug|Win32
		{D7E1F4FC-1C70-4B41-ADF6-53CE2D6A84D6}.Debug|x64.ActiveCfg = Debug|x64
		{D7E1F4FC-1C70-4B41-ADF6-53CE2D6A84D6}.Debug|x64.Build.0 = Debug|x64
		{D7E1F4FC-1C70-4B41-ADF6-53CE2D6A84D6}.Debug|x86.ActiveCfg = Debug|Win32
		{D7E1F4FC-1C70-4B41-ADF6-53CE2D6A84D6}.Debug|x86.Build.0 = Debug|Win32
		{D7E1F4FC-1C70-4B41-ADF6-53CE2D6A84D6}.Release|ARM.ActiveCfg = Release|Win32
		{D7E1F4FC-1C70-4B41-ADF6-53CE2D6A84D6}.Release|x64.ActiveCfg = Release|x64
		{D7E1F4FC-1C70-4B41-ADF6-53CE2D6A84D6}.Release|x64.Build.0 = Release|x64
		{D7E1F4FC-1C70-4B41-ADF6-53CE2D6A84D6}.Release|x86.ActiveCfg = Release|Win32
		{D7E1F4FC-1C70-4B41-ADF6-53CE2D6A84D6}.Release|x86.Build.0 = Release|Win32
	EndGlobalSection
	GlobalSection(SolutionProperties) = preSolution
		HideSolutionNode = FALSE
	EndGlobalSection
EndGlobal
